// !$*UTF8*$!
{
	archiveVersion = 1;
	classes = {
	};
	objectVersion = 46;
	objects = {

/* Begin PBXBuildFile section */
		04E1FDFE1C4622BC00DADE7E /* main.m in Sources */ = {isa = PBXBuildFile; fileRef = 04E1FDFD1C4622BC00DADE7E /* main.m */; };
		04E1FE011C4622BC00DADE7E /* AppDelegate.m in Sources */ = {isa = PBXBuildFile; fileRef = 04E1FE001C4622BC00DADE7E /* AppDelegate.m */; };
		04E1FE041C4622BC00DADE7E /* ViewController.m in Sources */ = {isa = PBXBuildFile; fileRef = 04E1FE031C4622BC00DADE7E /* ViewController.m */; };
		04E1FE071C4622BC00DADE7E /* Main.storyboard in Resources */ = {isa = PBXBuildFile; fileRef = 04E1FE051C4622BC00DADE7E /* Main.storyboard */; };
		04E1FE091C4622BC00DADE7E /* Assets.xcassets in Resources */ = {isa = PBXBuildFile; fileRef = 04E1FE081C4622BC00DADE7E /* Assets.xcassets */; };
		04E1FE0C1C4622BC00DADE7E /* LaunchScreen.storyboard in Resources */ = {isa = PBXBuildFile; fileRef = 04E1FE0A1C4622BC00DADE7E /* LaunchScreen.storyboard */; };
		04E1FE171C4622BC00DADE7E /* masterTests.m in Sources */ = {isa = PBXBuildFile; fileRef = 04E1FE161C4622BC00DADE7E /* masterTests.m */; };
		04E1FE221C4622BD00DADE7E /* masterUITests.m in Sources */ = {isa = PBXBuildFile; fileRef = 04E1FE211C4622BD00DADE7E /* masterUITests.m */; };
/* End PBXBuildFile section */

/* Begin PBXContainerItemProxy section */
		04E1FE131C4622BC00DADE7E /* PBXContainerItemProxy */ = {
			isa = PBXContainerItemProxy;
			containerPortal = 04E1FDF11C4622BC00DADE7E /* Project object */;
			proxyType = 1;
			remoteGlobalIDString = 04E1FDF81C4622BC00DADE7E;
			remoteInfo = master;
		};
		04E1FE1E1C4622BC00DADE7E /* PBXContainerItemProxy */ = {
			isa = PBXContainerItemProxy;
			containerPortal = 04E1FDF11C4622BC00DADE7E /* Project object */;
			proxyType = 1;
			remoteGlobalIDString = 04E1FDF81C4622BC00DADE7E;
			remoteInfo = master;
		};
/* End PBXContainerItemProxy section */

/* Begin PBXFileReference section */
		04E1FDF91C4622BC00DADE7E /* master.app */ = {isa = PBXFileReference; explicitFileType = wrapper.application; includeInIndex = 0; path = master.app; sourceTree = BUILT_PRODUCTS_DIR; };
		04E1FDFD1C4622BC00DADE7E /* main.m */ = {isa = PBXFileReference; lastKnownFileType = sourcecode.c.objc; path = main.m; sourceTree = "<group>"; };
		04E1FDFF1C4622BC00DADE7E /* AppDelegate.h */ = {isa = PBXFileReference; lastKnownFileType = sourcecode.c.h; path = AppDelegate.h; sourceTree = "<group>"; };
		04E1FE001C4622BC00DADE7E /* AppDelegate.m */ = {isa = PBXFileReference; lastKnownFileType = sourcecode.c.objc; path = AppDelegate.m; sourceTree = "<group>"; };
		04E1FE021C4622BC00DADE7E /* ViewController.h */ = {isa = PBXFileReference; lastKnownFileType = sourcecode.c.h; path = ViewController.h; sourceTree = "<group>"; };
		04E1FE031C4622BC00DADE7E /* ViewController.m */ = {isa = PBXFileReference; lastKnownFileType = sourcecode.c.objc; path = ViewController.m; sourceTree = "<group>"; };
		04E1FE061C4622BC00DADE7E /* Base */ = {isa = PBXFileReference; lastKnownFileType = file.storyboard; name = Base; path = Base.lproj/Main.storyboard; sourceTree = "<group>"; };
		04E1FE081C4622BC00DADE7E /* Assets.xcassets */ = {isa = PBXFileReference; lastKnownFileType = folder.assetcatalog; path = Assets.xcassets; sourceTree = "<group>"; };
		04E1FE0B1C4622BC00DADE7E /* Base */ = {isa = PBXFileReference; lastKnownFileType = file.storyboard; name = Base; path = Base.lproj/LaunchScreen.storyboard; sourceTree = "<group>"; };
		04E1FE0D1C4622BC00DADE7E /* Info.plist */ = {isa = PBXFileReference; lastKnownFileType = text.plist.xml; path = Info.plist; sourceTree = "<group>"; };
		04E1FE121C4622BC00DADE7E /* masterTests.xctest */ = {isa = PBXFileReference; explicitFileType = wrapper.cfbundle; includeInIndex = 0; path = masterTests.xctest; sourceTree = BUILT_PRODUCTS_DIR; };
		04E1FE161C4622BC00DADE7E /* masterTests.m */ = {isa = PBXFileReference; lastKnownFileType = sourcecode.c.objc; path = masterTests.m; sourceTree = "<group>"; };
		04E1FE181C4622BC00DADE7E /* Info.plist */ = {isa = PBXFileReference; lastKnownFileType = text.plist.xml; path = Info.plist; sourceTree = "<group>"; };
		04E1FE1D1C4622BC00DADE7E /* masterUITests.xctest */ = {isa = PBXFileReference; explicitFileType = wrapper.cfbundle; includeInIndex = 0; path = masterUITests.xctest; sourceTree = BUILT_PRODUCTS_DIR; };
		04E1FE211C4622BD00DADE7E /* masterUITests.m */ = {isa = PBXFileReference; lastKnownFileType = sourcecode.c.objc; path = masterUITests.m; sourceTree = "<group>"; };
		04E1FE231C4622BD00DADE7E /* Info.plist */ = {isa = PBXFileReference; lastKnownFileType = text.plist.xml; path = Info.plist; sourceTree = "<group>"; };
/* End PBXFileReference section */

/* Begin PBXFrameworksBuildPhase section */
		04E1FDF61C4622BC00DADE7E /* Frameworks */ = {
			isa = PBXFrameworksBuildPhase;
			buildActionMask = 2147483647;
			files = (
			);
			runOnlyForDeploymentPostprocessing = 0;
		};
		04E1FE0F1C4622BC00DADE7E /* Frameworks */ = {
			isa = PBXFrameworksBuildPhase;
			buildActionMask = 2147483647;
			files = (
			);
			runOnlyForDeploymentPostprocessing = 0;
		};
		04E1FE1A1C4622BC00DADE7E /* Frameworks */ = {
			isa = PBXFrameworksBuildPhase;
			buildActionMask = 2147483647;
			files = (
			);
			runOnlyForDeploymentPostprocessing = 0;
		};
/* End PBXFrameworksBuildPhase section */

/* Begin PBXGroup section */
		04E1FDF01C4622BC00DADE7E = {
			isa = PBXGroup;
			children = (
				04E1FDFB1C4622BC00DADE7E /* master */,
				04E1FE151C4622BC00DADE7E /* masterTests */,
				04E1FE201C4622BC00DADE7E /* masterUITests */,
				04E1FDFA1C4622BC00DADE7E /* Products */,
			);
			sourceTree = "<group>";
		};
		04E1FDFA1C4622BC00DADE7E /* Products */ = {
			isa = PBXGroup;
			children = (
				04E1FDF91C4622BC00DADE7E /* master.app */,
				04E1FE121C4622BC00DADE7E /* masterTests.xctest */,
				04E1FE1D1C4622BC00DADE7E /* masterUITests.xctest */,
			);
			name = Products;
			sourceTree = "<group>";
		};
		04E1FDFB1C4622BC00DADE7E /* master */ = {
			isa = PBXGroup;
			children = (
				04E1FDFF1C4622BC00DADE7E /* AppDelegate.h */,
				04E1FE001C4622BC00DADE7E /* AppDelegate.m */,
				04E1FE021C4622BC00DADE7E /* ViewController.h */,
				04E1FE031C4622BC00DADE7E /* ViewController.m */,
				04E1FE051C4622BC00DADE7E /* Main.storyboard */,
				04E1FE081C4622BC00DADE7E /* Assets.xcassets */,
				04E1FE0A1C4622BC00DADE7E /* LaunchScreen.storyboard */,
				04E1FE0D1C4622BC00DADE7E /* Info.plist */,
				04E1FDFC1C4622BC00DADE7E /* Supporting Files */,
			);
			path = master;
			sourceTree = "<group>";
		};
		04E1FDFC1C4622BC00DADE7E /* Supporting Files */ = {
			isa = PBXGroup;
			children = (
				04E1FDFD1C4622BC00DADE7E /* main.m */,
			);
			name = "Supporting Files";
			sourceTree = "<group>";
		};
		04E1FE151C4622BC00DADE7E /* masterTests */ = {
			isa = PBXGroup;
			children = (
				04E1FE161C4622BC00DADE7E /* masterTests.m */,
				04E1FE181C4622BC00DADE7E /* Info.plist */,
			);
			path = masterTests;
			sourceTree = "<group>";
		};
		04E1FE201C4622BC00DADE7E /* masterUITests */ = {
			isa = PBXGroup;
			children = (
				04E1FE211C4622BD00DADE7E /* masterUITests.m */,
				04E1FE231C4622BD00DADE7E /* Info.plist */,
			);
			path = masterUITests;
			sourceTree = "<group>";
		};
/* End PBXGroup section */

/* Begin PBXNativeTarget section */
		04E1FDF81C4622BC00DADE7E /* master */ = {
			isa = PBXNativeTarget;
			buildConfigurationList = 04E1FE261C4622BD00DADE7E /* Build configuration list for PBXNativeTarget "master" */;
			buildPhases = (
				04E1FDF51C4622BC00DADE7E /* Sources */,
				04E1FDF61C4622BC00DADE7E /* Frameworks */,
				04E1FDF71C4622BC00DADE7E /* Resources */,
			);
			buildRules = (
			);
			dependencies = (
			);
			name = master;
			productName = master;
			productReference = 04E1FDF91C4622BC00DADE7E /* master.app */;
			productType = "com.apple.product-type.application";
		};
		04E1FE111C4622BC00DADE7E /* masterTests */ = {
			isa = PBXNativeTarget;
			buildConfigurationList = 04E1FE291C4622BD00DADE7E /* Build configuration list for PBXNativeTarget "masterTests" */;
			buildPhases = (
				04E1FE0E1C4622BC00DADE7E /* Sources */,
				04E1FE0F1C4622BC00DADE7E /* Frameworks */,
				04E1FE101C4622BC00DADE7E /* Resources */,
			);
			buildRules = (
			);
			dependencies = (
				04E1FE141C4622BC00DADE7E /* PBXTargetDependency */,
			);
			name = masterTests;
			productName = masterTests;
			productReference = 04E1FE121C4622BC00DADE7E /* masterTests.xctest */;
			productType = "com.apple.product-type.bundle.unit-test";
		};
		04E1FE1C1C4622BC00DADE7E /* masterUITests */ = {
			isa = PBXNativeTarget;
			buildConfigurationList = 04E1FE2C1C4622BD00DADE7E /* Build configuration list for PBXNativeTarget "masterUITests" */;
			buildPhases = (
				04E1FE191C4622BC00DADE7E /* Sources */,
				04E1FE1A1C4622BC00DADE7E /* Frameworks */,
				04E1FE1B1C4622BC00DADE7E /* Resources */,
			);
			buildRules = (
			);
			dependencies = (
				04E1FE1F1C4622BC00DADE7E /* PBXTargetDependency */,
			);
			name = masterUITests;
			productName = masterUITests;
			productReference = 04E1FE1D1C4622BC00DADE7E /* masterUITests.xctest */;
			productType = "com.apple.product-type.bundle.ui-testing";
		};
/* End PBXNativeTarget section */

/* Begin PBXProject section */
		04E1FDF11C4622BC00DADE7E /* Project object */ = {
			isa = PBXProject;
			attributes = {
				LastUpgradeCheck = 0710;
				ORGANIZATIONNAME = "北京尚学堂";
				TargetAttributes = {
					04E1FDF81C4622BC00DADE7E = {
						CreatedOnToolsVersion = 7.1;
						DevelopmentTeam = 5GSM2KXAJN;
					};
					04E1FE111C4622BC00DADE7E = {
						CreatedOnToolsVersion = 7.1;
						DevelopmentTeam = 5GSM2KXAJN;
						TestTargetID = 04E1FDF81C4622BC00DADE7E;
					};
					04E1FE1C1C4622BC00DADE7E = {
						CreatedOnToolsVersion = 7.1;
						DevelopmentTeam = 5GSM2KXAJN;
						TestTargetID = 04E1FDF81C4622BC00DADE7E;
					};
				};
			};
			buildConfigurationList = 04E1FDF41C4622BC00DADE7E /* Build configuration list for PBXProject "master" */;
			compatibilityVersion = "Xcode 3.2";
			developmentRegion = English;
			hasScannedForEncodings = 0;
			knownRegions = (
				en,
				Base,
			);
			mainGroup = 04E1FDF01C4622BC00DADE7E;
			productRefGroup = 04E1FDFA1C4622BC00DADE7E /* Products */;
			projectDirPath = "";
			projectRoot = "";
			targets = (
				04E1FDF81C4622BC00DADE7E /* master */,
				04E1FE111C4622BC00DADE7E /* masterTests */,
				04E1FE1C1C4622BC00DADE7E /* masterUITests */,
			);
		};
/* End PBXProject section */

/* Begin PBXResourcesBuildPhase section */
		04E1FDF71C4622BC00DADE7E /* Resources */ = {
			isa = PBXResourcesBuildPhase;
			buildActionMask = 2147483647;
			files = (
				04E1FE0C1C4622BC00DADE7E /* LaunchScreen.storyboard in Resources */,
				04E1FE091C4622BC00DADE7E /* Assets.xcassets in Resources */,
				04E1FE071C4622BC00DADE7E /* Main.storyboard in Resources */,
			);
			runOnlyForDeploymentPostprocessing = 0;
		};
		04E1FE101C4622BC00DADE7E /* Resources */ = {
			isa = PBXResourcesBuildPhase;
			buildActionMask = 2147483647;
			files = (
			);
			runOnlyForDeploymentPostprocessing = 0;
		};
		04E1FE1B1C4622BC00DADE7E /* Resources */ = {
			isa = PBXResourcesBuildPhase;
			buildActionMask = 2147483647;
			files = (
			);
			runOnlyForDeploymentPostprocessing = 0;
		};
/* End PBXResourcesBuildPhase section */

/* Begin PBXSourcesBuildPhase section */
		04E1FDF51C4622BC00DADE7E /* Sources */ = {
			isa = PBXSourcesBuildPhase;
			buildActionMask = 2147483647;
			files = (
				04E1FE041C4622BC00DADE7E /* ViewController.m in Sources */,
				04E1FE011C4622BC00DADE7E /* AppDelegate.m in Sources */,
				04E1FDFE1C4622BC00DADE7E /* main.m in Sources */,
			);
			runOnlyForDeploymentPostprocessing = 0;
		};
		04E1FE0E1C4622BC00DADE7E /* Sources */ = {
			isa = PBXSourcesBuildPhase;
			buildActionMask = 2147483647;
			files = (
				04E1FE171C4622BC00DADE7E /* masterTests.m in Sources */,
			);
			runOnlyForDeploymentPostprocessing = 0;
		};
		04E1FE191C4622BC00DADE7E /* Sources */ = {
			isa = PBXSourcesBuildPhase;
			buildActionMask = 2147483647;
			files = (
				04E1FE221C4622BD00DADE7E /* masterUITests.m in Sources */,
			);
			runOnlyForDeploymentPostprocessing = 0;
		};
/* End PBXSourcesBuildPhase section */

/* Begin PBXTargetDependency section */
		04E1FE141C4622BC00DADE7E /* PBXTargetDependency */ = {
			isa = PBXTargetDependency;
			target = 04E1FDF81C4622BC00DADE7E /* master */;
			targetProxy = 04E1FE131C4622BC00DADE7E /* PBXContainerItemProxy */;
		};
		04E1FE1F1C4622BC00DADE7E /* PBXTargetDependency */ = {
			isa = PBXTargetDependency;
			target = 04E1FDF81C4622BC00DADE7E /* master */;
			targetProxy = 04E1FE1E1C4622BC00DADE7E /* PBXContainerItemProxy */;
		};
/* End PBXTargetDependency section */

/* Begin PBXVariantGroup section */
		04E1FE051C4622BC00DADE7E /* Main.storyboard */ = {
			isa = PBXVariantGroup;
			children = (
				04E1FE061C4622BC00DADE7E /* Base */,
			);
			name = Main.storyboard;
			sourceTree = "<group>";
		};
		04E1FE0A1C4622BC00DADE7E /* LaunchScreen.storyboard */ = {
			isa = PBXVariantGroup;
			children = (
				04E1FE0B1C4622BC00DADE7E /* Base */,
			);
			name = LaunchScreen.storyboard;
			sourceTree = "<group>";
		};
/* End PBXVariantGroup section */

/* Begin XCBuildConfiguration section */
		04E1FE241C4622BD00DADE7E /* Debug */ = {
			isa = XCBuildConfiguration;
			buildSettings = {
				ALWAYS_SEARCH_USER_PATHS = NO;
				CLANG_CXX_LANGUAGE_STANDARD = "gnu++0x";
				CLANG_CXX_LIBRARY = "libc++";
				CLANG_ENABLE_MODULES = YES;
				CLANG_ENABLE_OBJC_ARC = YES;
				CLANG_WARN_BOOL_CONVERSION = YES;
				CLANG_WARN_CONSTANT_CONVERSION = YES;
				CLANG_WARN_DIRECT_OBJC_ISA_USAGE = YES_ERROR;
				CLANG_WARN_EMPTY_BODY = YES;
				CLANG_WARN_ENUM_CONVERSION = YES;
				CLANG_WARN_INT_CONVERSION = YES;
				CLANG_WARN_OBJC_ROOT_CLASS = YES_ERROR;
				CLANG_WARN_UNREACHABLE_CODE = YES;
				CLANG_WARN__DUPLICATE_METHOD_MATCH = YES;
				"CODE_SIGN_IDENTITY[sdk=iphoneos*]" = "iPhone Developer";
				COPY_PHASE_STRIP = NO;
				DEBUG_INFORMATION_FORMAT = dwarf;
				ENABLE_STRICT_OBJC_MSGSEND = YES;
				ENABLE_TESTABILITY = YES;
				GCC_C_LANGUAGE_STANDARD = gnu99;
				GCC_DYNAMIC_NO_PIC = NO;
				GCC_NO_COMMON_BLOCKS = YES;
				GCC_OPTIMIZATION_LEVEL = 0;
				GCC_PREPROCESSOR_DEFINITIONS = (
					"DEBUG=1",
					"$(inherited)",
				);
				GCC_WARN_64_TO_32_BIT_CONVERSION = YES;
				GCC_WARN_ABOUT_RETURN_TYPE = YES_ERROR;
				GCC_WARN_UNDECLARED_SELECTOR = YES;
				GCC_WARN_UNINITIALIZED_AUTOS = YES_AGGRESSIVE;
				GCC_WARN_UNUSED_FUNCTION = YES;
				GCC_WARN_UNUSED_VARIABLE = YES;
				IPHONEOS_DEPLOYMENT_TARGET = 9.1;
				MTL_ENABLE_DEBUG_INFO = YES;
				ONLY_ACTIVE_ARCH = YES;
				SDKROOT = iphoneos;
			};
			name = Debug;
		};
		04E1FE251C4622BD00DADE7E /* Release */ = {
			isa = XCBuildConfiguration;
			buildSettings = {
				ALWAYS_SEARCH_USER_PATHS = NO;
				CLANG_CXX_LANGUAGE_STANDARD = "gnu++0x";
				CLANG_CXX_LIBRARY = "libc++";
				CLANG_ENABLE_MODULES = YES;
				CLANG_ENABLE_OBJC_ARC = YES;
				CLANG_WARN_BOOL_CONVERSION = YES;
				CLANG_WARN_CONSTANT_CONVERSION = YES;
				CLANG_WARN_DIRECT_OBJC_ISA_USAGE = YES_ERROR;
				CLANG_WARN_EMPTY_BODY = YES;
				CLANG_WARN_ENUM_CONVERSION = YES;
				CLANG_WARN_INT_CONVERSION = YES;
				CLANG_WARN_OBJC_ROOT_CLASS = YES_ERROR;
				CLANG_WARN_UNREACHABLE_CODE = YES;
				CLANG_WARN__DUPLICATE_METHOD_MATCH = YES;
				"CODE_SIGN_IDENTITY[sdk=iphoneos*]" = "iPhone Developer";
				COPY_PHASE_STRIP = NO;
				DEBUG_INFORMATION_FORMAT = "dwarf-with-dsym";
				ENABLE_NS_ASSERTIONS = NO;
				ENABLE_STRICT_OBJC_MSGSEND = YES;
				GCC_C_LANGUAGE_STANDARD = gnu99;
				GCC_NO_COMMON_BLOCKS = YES;
				GCC_WARN_64_TO_32_BIT_CONVERSION = YES;
				GCC_WARN_ABOUT_RETURN_TYPE = YES_ERROR;
				GCC_WARN_UNDECLARED_SELECTOR = YES;
				GCC_WARN_UNINITIALIZED_AUTOS = YES_AGGRESSIVE;
				GCC_WARN_UNUSED_FUNCTION = YES;
				GCC_WARN_UNUSED_VARIABLE = YES;
				IPHONEOS_DEPLOYMENT_TARGET = 9.1;
				MTL_ENABLE_DEBUG_INFO = NO;
				SDKROOT = iphoneos;
				VALIDATE_PRODUCT = YES;
			};
			name = Release;
		};
		04E1FE271C4622BD00DADE7E /* Debug */ = {
			isa = XCBuildConfiguration;
			buildSettings = {
				ASSETCATALOG_COMPILER_APPICON_NAME = AppIcon;
				INFOPLIST_FILE = master/Info.plist;
				LD_RUNPATH_SEARCH_PATHS = "$(inherited) @executable_path/Frameworks";
				PRODUCT_BUNDLE_IDENTIFIER = com.spring.www.master;
				PRODUCT_NAME = "$(TARGET_NAME)";
			};
			name = Debug;
		};
		04E1FE281C4622BD00DADE7E /* Release */ = {
			isa = XCBuildConfiguration;
			buildSettings = {
				ASSETCATALOG_COMPILER_APPICON_NAME = AppIcon;
				INFOPLIST_FILE = master/Info.plist;
				LD_RUNPATH_SEARCH_PATHS = "$(inherited) @executable_path/Frameworks";
				PRODUCT_BUNDLE_IDENTIFIER = com.spring.www.master;
				PRODUCT_NAME = "$(TARGET_NAME)";
			};
			name = Release;
		};
		04E1FE2A1C4622BD00DADE7E /* Debug */ = {
			isa = XCBuildConfiguration;
			buildSettings = {
				BUNDLE_LOADER = "$(TEST_HOST)";
				INFOPLIST_FILE = masterTests/Info.plist;
				LD_RUNPATH_SEARCH_PATHS = "$(inherited) @executable_path/Frameworks @loader_path/Frameworks";
				PRODUCT_BUNDLE_IDENTIFIER = com.spring.www.masterTests;
				PRODUCT_NAME = "$(TARGET_NAME)";
				TEST_HOST = "$(BUILT_PRODUCTS_DIR)/master.app/master";
			};
			name = Debug;
		};
		04E1FE2B1C4622BD00DADE7E /* Release */ = {
			isa = XCBuildConfiguration;
			buildSettings = {
				BUNDLE_LOADER = "$(TEST_HOST)";
				INFOPLIST_FILE = masterTests/Info.plist;
				LD_RUNPATH_SEARCH_PATHS = "$(inherited) @executable_path/Frameworks @loader_path/Frameworks";
				PRODUCT_BUNDLE_IDENTIFIER = com.spring.www.masterTests;
				PRODUCT_NAME = "$(TARGET_NAME)";
				TEST_HOST = "$(BUILT_PRODUCTS_DIR)/master.app/master";
			};
			name = Release;
		};
		04E1FE2D1C4622BD00DADE7E /* Debug */ = {
			isa = XCBuildConfiguration;
			buildSettings = {
				INFOPLIST_FILE = masterUITests/Info.plist;
				LD_RUNPATH_SEARCH_PATHS = "$(inherited) @executable_path/Frameworks @loader_path/Frameworks";
				PRODUCT_BUNDLE_IDENTIFIER = com.spring.www.masterUITests;
				PRODUCT_NAME = "$(TARGET_NAME)";
				TEST_TARGET_NAME = master;
				USES_XCTRUNNER = YES;
			};
			name = Debug;
		};
		04E1FE2E1C4622BD00DADE7E /* Release */ = {
			isa = XCBuildConfiguration;
			buildSettings = {
				INFOPLIST_FILE = masterUITests/Info.plist;
				LD_RUNPATH_SEARCH_PATHS = "$(inherited) @executable_path/Frameworks @loader_path/Frameworks";
				PRODUCT_BUNDLE_IDENTIFIER = com.spring.www.masterUITests;
				PRODUCT_NAME = "$(TARGET_NAME)";
				TEST_TARGET_NAME = master;
				USES_XCTRUNNER = YES;
			};
			name = Release;
		};
/* End XCBuildConfiguration section */

/* Begin XCConfigurationList section */
		04E1FDF41C4622BC00DADE7E /* Build configuration list for PBXProject "master" */ = {
			isa = XCConfigurationList;
			buildConfigurations = (
				04E1FE241C4622BD00DADE7E /* Debug */,
				04E1FE251C4622BD00DADE7E /* Release */,
			);
			defaultConfigurationIsVisible = 0;
			defaultConfigurationName = Release;
		};
		04E1FE261C4622BD00DADE7E /* Build configuration list for PBXNativeTarget "master" */ = {
			isa = XCConfigurationList;
			buildConfigurations = (
				04E1FE271C4622BD00DADE7E /* Debug */,
				04E1FE281C4622BD00DADE7E /* Release */,
			);
			defaultConfigurationIsVisible = 0;
		};
		04E1FE291C4622BD00DADE7E /* Build configuration list for PBXNativeTarget "masterTests" */ = {
			isa = XCConfigurationList;
			buildConfigurations = (
				04E1FE2A1C4622BD00DADE7E /* Debug */,
				04E1FE2B1C4622BD00DADE7E /* Release */,
			);
			defaultConfigurationIsVisible = 0;
		};
		04E1FE2C1C4622BD00DADE7E /* Build configuration list for PBXNativeTarget "masterUITests" */ = {
			isa = XCConfigurationList;
			buildConfigurations = (
				04E1FE2D1C4622BD00DADE7E /* Debug */,
				04E1FE2E1C4622BD00DADE7E /* Release */,
			);
			defaultConfigurationIsVisible = 0;
		};
/* End XCConfigurationList section */
	};
	rootObject = 04E1FDF11C4622BC00DADE7E /* Project object */;
}
